
Microsoft Visual Studio Solution File, Format Version 12.00
# Visual Studio Version 16
VisualStudioVersion = 16.0.30503.244
MinimumVisualStudioVersion = 10.0.40219.1
Project("{FAE04EC0-301F-11D3-BF4B-00C04F79EFBC}") = "SimpleApiAcceptedTests", "SimpleApiAcceptedTests\SimpleApiAcceptedTests.csproj", "{6B9BFAA0-DB36-4758-A64F-31D2C439FCD8}"
EndProject
Project("{2150E333-8FDC-42A3-9474-1A3956D46DE8}") = "Tests", "Tests", "{816B90CD-5583-4E24-B39E-FF3DBB56C408}"
EndProject
Project("{FAE04EC0-301F-11D3-BF4B-00C04F79EFBC}") = "AcceptedTestsSimpleApi", "AcceptedTestsSimpleApi\AcceptedTestsSimpleApi.csproj", "{A9C9E85A-84A0-485D-BC2D-5530B4BDCA15}"
EndProject
Global
	GlobalSection(SolutionConfigurationPlatforms) = preSolution
		Debug|Any CPU = Debug|Any CPU
		Release|Any CPU = Release|Any CPU
	EndGlobalSection
	GlobalSection(ProjectConfigurationPlatforms) = postSolution
		{6B9BFAA0-DB36-4758-A64F-31D2C439FCD8}.Debug|Any CPU.ActiveCfg = Debug|Any CPU
		{6B9BFAA0-DB36-4758-A64F-31D2C439FCD8}.Debug|Any CPU.Build.0 = Debug|Any CPU
		{6B9BFAA0-DB36-4758-A64F-31D2C439FCD8}.Release|Any CPU.ActiveCfg = Release|Any CPU
		{6B9BFAA0-DB36-4758-A64F-31D2C439FCD8}.Release|Any CPU.Build.0 = Release|Any CPU
		{A9C9E85A-84A0-485D-BC2D-5530B4BDCA15}.Debug|Any CPU.ActiveCfg = Debug|Any CPU
		{A9C9E85A-84A0-485D-BC2D-5530B4BDCA15}.Debug|Any CPU.Build.0 = Debug|Any CPU
		{A9C9E85A-84A0-485D-BC2D-5530B4BDCA15}.Release|Any CPU.ActiveCfg = Release|Any CPU
		{A9C9E85A-84A0-485D-BC2D-5530B4BDCA15}.Release|Any CPU.Build.0 = Release|Any CPU
	EndGlobalSection
	GlobalSection(SolutionProperties) = preSolution
		HideSolutionNode = FALSE
	EndGlobalSection
	GlobalSection(NestedProjects) = preSolution
		{A9C9E85A-84A0-485D-BC2D-5530B4BDCA15} = {816B90CD-5583-4E24-B39E-FF3DBB56C408}
	EndGlobalSection
	GlobalSection(ExtensibilityGlobals) = postSolution
		SolutionGuid = {43F5682E-49B2-43F8-B3CF-FCFBDAA04E02}
	EndGlobalSection
EndGlobal
